
Microsoft Visual Studio Solution File, Format Version 12.00
# Visual Studio 14
VisualStudioVersion = 14.0.23107.0
MinimumVisualStudioVersion = 10.0.40219.1
Project("{8BC9CEB8-8B4A-11D0-8D11-00A0C91BC942}") = "quant_strategy", "quant_strategy.vcxproj", "{6F8DD85C-9A0B-474A-8296-7256374DD4B4}"
EndProject
Project("{8BC9CEB8-8B4A-11D0-8D11-00A0C91BC942}") = "quant_test", "quant_test\quant_test.vcxproj", "{48E4B02F-C945-44CF-8C9F-BC089C04B27A}"
EndProject
Global
	GlobalSection(SolutionConfigurationPlatforms) = preSolution
		Debug|x64 = Debug|x64
		Debug|x86 = Debug|x86
		Release|x64 = Release|x64
		Release|x86 = Release|x86
	EndGlobalSection
	GlobalSection(ProjectConfigurationPlatforms) = postSolution
		{6F8DD85C-9A0B-474A-8296-7256374DD4B4}.Debug|x64.ActiveCfg = Debug|x64
		{6F8DD85C-9A0B-474A-8296-7256374DD4B4}.Debug|x64.Build.0 = Debug|x64
		{6F8DD85C-9A0B-474A-8296-7256374DD4B4}.Debug|x86.ActiveCfg = Debug|Win32
		{6F8DD85C-9A0B-474A-8296-7256374DD4B4}.Debug|x86.Build.0 = Debug|Win32
		{6F8DD85C-9A0B-474A-8296-7256374DD4B4}.Release|x64.ActiveCfg = Release|x64
		{6F8DD85C-9A0B-474A-8296-7256374DD4B4}.Release|x64.Build.0 = Release|x64
		{6F8DD85C-9A0B-474A-8296-7256374DD4B4}.Release|x86.ActiveCfg = Release|Win32
		{6F8DD85C-9A0B-474A-8296-7256374DD4B4}.Release|x86.Build.0 = Release|Win32
		{48E4B02F-C945-44CF-8C9F-BC089C04B27A}.Debug|x64.ActiveCfg = Debug|x64
		{48E4B02F-C945-44CF-8C9F-BC089C04B27A}.Debug|x64.Build.0 = Debug|x64
		{48E4B02F-C945-44CF-8C9F-BC089C04B27A}.Debug|x86.ActiveCfg = Debug|Win32
		{48E4B02F-C945-44CF-8C9F-BC089C04B27A}.Debug|x86.Build.0 = Debug|Win32
		{48E4B02F-C945-44CF-8C9F-BC089C04B27A}.Release|x64.ActiveCfg = Release|x64
		{48E4B02F-C945-44CF-8C9F-BC089C04B27A}.Release|x64.Build.0 = Release|x64
		{48E4B02F-C945-44CF-8C9F-BC089C04B27A}.Release|x86.ActiveCfg = Release|Win32
		{48E4B02F-C945-44CF-8C9F-BC089C04B27A}.Release|x86.Build.0 = Release|Win32
	EndGlobalSection
	GlobalSection(SolutionProperties) = preSolution
		HideSolutionNode = FALSE
	EndGlobalSection
EndGlobal
